// !$*UTF8*$!
{
	archiveVersion = 1;
	classes = {
	};
	objectVersion = 46;
	objects = {

/* Begin PBXBuildFile section */
		8406533A191A029F0072E483 /* CRAddressViewController.m in Sources */ = {isa = PBXBuildFile; fileRef = 84065339191A029F0072E483 /* CRAddressViewController.m */; };
		8407186319125011004EF828 /* CoreLocation.framework in Frameworks */ = {isa = PBXBuildFile; fileRef = 8407186219125011004EF828 /* CoreLocation.framework */; };
		840718651915B928004EF828 /* MapKit.framework in Frameworks */ = {isa = PBXBuildFile; fileRef = 840718641915B928004EF828 /* MapKit.framework */; };
		84071871191641F8004EF828 /* AddressBookUI.framework in Frameworks */ = {isa = PBXBuildFile; fileRef = 84071870191641F8004EF828 /* AddressBookUI.framework */; };
		841F707619240FCE0061EF80 /* CRPhotosCollectionViewController.m in Sources */ = {isa = PBXBuildFile; fileRef = 841F707519240FCE0061EF80 /* CRPhotosCollectionViewController.m */; };
		841F70801924D04E0061EF80 /* CRPhotoCollectionViewCell.m in Sources */ = {isa = PBXBuildFile; fileRef = 841F707F1924D04E0061EF80 /* CRPhotoCollectionViewCell.m */; };
		841F70831924E75E0061EF80 /* CRCoreDataHelper.m in Sources */ = {isa = PBXBuildFile; fileRef = 841F70821924E75E0061EF80 /* CRCoreDataHelper.m */; };
		841F70851924EB140061EF80 /* CoreData.framework in Frameworks */ = {isa = PBXBuildFile; fileRef = 841F70841924EB140061EF80 /* CoreData.framework */; };
		84247DDD18F6A3ED00370176 /* Foundation.framework in Frameworks */ = {isa = PBXBuildFile; fileRef = 84247DDC18F6A3ED00370176 /* Foundation.framework */; };
		84247DDF18F6A3ED00370176 /* CoreGraphics.framework in Frameworks */ = {isa = PBXBuildFile; fileRef = 84247DDE18F6A3ED00370176 /* CoreGraphics.framework */; };
		84247DE118F6A3ED00370176 /* UIKit.framework in Frameworks */ = {isa = PBXBuildFile; fileRef = 84247DE018F6A3ED00370176 /* UIKit.framework */; };
		84247DE718F6A3ED00370176 /* InfoPlist.strings in Resources */ = {isa = PBXBuildFile; fileRef = 84247DE518F6A3ED00370176 /* InfoPlist.strings */; };
		84247DE918F6A3ED00370176 /* main.m in Sources */ = {isa = PBXBuildFile; fileRef = 84247DE818F6A3ED00370176 /* main.m */; };
		84247DED18F6A3ED00370176 /* CRAppDelegate.m in Sources */ = {isa = PBXBuildFile; fileRef = 84247DEC18F6A3ED00370176 /* CRAppDelegate.m */; };
		84247DF018F6A3ED00370176 /* Main.storyboard in Resources */ = {isa = PBXBuildFile; fileRef = 84247DEE18F6A3ED00370176 /* Main.storyboard */; };
		84247DF518F6A3ED00370176 /* Images.xcassets in Resources */ = {isa = PBXBuildFile; fileRef = 84247DF418F6A3ED00370176 /* Images.xcassets */; };
		84247DFC18F6A3ED00370176 /* XCTest.framework in Frameworks */ = {isa = PBXBuildFile; fileRef = 84247DFB18F6A3ED00370176 /* XCTest.framework */; };
		84247DFD18F6A3ED00370176 /* Foundation.framework in Frameworks */ = {isa = PBXBuildFile; fileRef = 84247DDC18F6A3ED00370176 /* Foundation.framework */; };
		84247DFE18F6A3ED00370176 /* UIKit.framework in Frameworks */ = {isa = PBXBuildFile; fileRef = 84247DE018F6A3ED00370176 /* UIKit.framework */; };
		84247E0618F6A3ED00370176 /* InfoPlist.strings in Resources */ = {isa = PBXBuildFile; fileRef = 84247E0418F6A3ED00370176 /* InfoPlist.strings */; };
		84247E0818F6A3ED00370176 /* Claim_ReporterTests.m in Sources */ = {isa = PBXBuildFile; fileRef = 84247E0718F6A3ED00370176 /* Claim_ReporterTests.m */; };
		843622A01929FE1300A9E7FA /* Claim-Reporter.xcdatamodeld in Sources */ = {isa = PBXBuildFile; fileRef = 8436229E1929FE1300A9E7FA /* Claim-Reporter.xcdatamodeld */; };
		843622E7192B6B8700A9E7FA /* CRPhotoDetailViewController.m in Sources */ = {isa = PBXBuildFile; fileRef = 843622E6192B6B8700A9E7FA /* CRPhotoDetailViewController.m */; };
		84A4C3621900BAAF00686832 /* CRMenuDrawerViewController.m in Sources */ = {isa = PBXBuildFile; fileRef = 84A4C3611900BAAF00686832 /* CRMenuDrawerViewController.m */; };
		84A4C3651900C5C300686832 /* CRMenuViewController.m in Sources */ = {isa = PBXBuildFile; fileRef = 84A4C3641900C5C300686832 /* CRMenuViewController.m */; };
		84A4C3681900E62800686832 /* CRTextViewController.m in Sources */ = {isa = PBXBuildFile; fileRef = 84A4C3671900E62800686832 /* CRTextViewController.m */; };
		84A4C36B1900E63A00686832 /* CRImageViewController.m in Sources */ = {isa = PBXBuildFile; fileRef = 84A4C36A1900E63A00686832 /* CRImageViewController.m */; };
		84A4C3701900E8E300686832 /* CRDisplayContentSegue.m in Sources */ = {isa = PBXBuildFile; fileRef = 84A4C36F1900E8E300686832 /* CRDisplayContentSegue.m */; };
		84A4C377190156D100686832 /* menu-25.png in Resources */ = {isa = PBXBuildFile; fileRef = 84A4C376190156D100686832 /* menu-25.png */; };
		84A4C37B190157DA00686832 /* CRButtonHandler.m in Sources */ = {isa = PBXBuildFile; fileRef = 84A4C37A190157DA00686832 /* CRButtonHandler.m */; };
		84A4C37D19015F0D00686832 /* Music__039743_.jpg in Resources */ = {isa = PBXBuildFile; fileRef = 84A4C37C19015F0D00686832 /* Music__039743_.jpg */; };
		84A4C37F1901609400686832 /* frusciante.jpg in Resources */ = {isa = PBXBuildFile; fileRef = 84A4C37E1901609400686832 /* frusciante.jpg */; };
		84A4C3851902215100686832 /* ami-mobile.jpg in Resources */ = {isa = PBXBuildFile; fileRef = 84A4C3841902215100686832 /* ami-mobile.jpg */; };
		84A9C550190B0F8000FF1B5B /* CRDocumentGenerator.m in Sources */ = {isa = PBXBuildFile; fileRef = 84A9C54F190B0F8000FF1B5B /* CRDocumentGenerator.m */; };
		84A9C557190B62DB00FF1B5B /* CRMotorClaimTableViewController.m in Sources */ = {isa = PBXBuildFile; fileRef = 84A9C556190B62DB00FF1B5B /* CRMotorClaimTableViewController.m */; };
		84A9C55A190B6AD000FF1B5B /* CRLocationViewController.m in Sources */ = {isa = PBXBuildFile; fileRef = 84A9C559190B6AD000FF1B5B /* CRLocationViewController.m */; };
		84CFB83B19031FCC003AB05C /* CRNewClaimTableViewController.m in Sources */ = {isa = PBXBuildFile; fileRef = 84CFB83A19031FCC003AB05C /* CRNewClaimTableViewController.m */; };
		84DF113D1909FC9A0005E7BD /* CRBarcodeScannerViewController.m in Sources */ = {isa = PBXBuildFile; fileRef = 84DF113C1909FC9A0005E7BD /* CRBarcodeScannerViewController.m */; };
		84E7BD391931D8F100CA39CB /* Photo.m in Sources */ = {isa = PBXBuildFile; fileRef = 84E7BD381931D8F100CA39CB /* Photo.m */; };
		84E7BD3C1931EA8B00CA39CB /* CRImageFileManager.m in Sources */ = {isa = PBXBuildFile; fileRef = 84E7BD3B1931EA8B00CA39CB /* CRImageFileManager.m */; };
/* End PBXBuildFile section */

/* Begin PBXContainerItemProxy section */
		84247DFF18F6A3ED00370176 /* PBXContainerItemProxy */ = {
			isa = PBXContainerItemProxy;
			containerPortal = 84247DD118F6A3ED00370176 /* Project object */;
			proxyType = 1;
			remoteGlobalIDString = 84247DD818F6A3ED00370176;
			remoteInfo = "Claim Reporter";
		};
/* End PBXContainerItemProxy section */

/* Begin PBXFileReference section */
		84065338191A029F0072E483 /* CRAddressViewController.h */ = {isa = PBXFileReference; fileEncoding = 4; lastKnownFileType = sourcecode.c.h; path = CRAddressViewController.h; sourceTree = "<group>"; };
		84065339191A029F0072E483 /* CRAddressViewController.m */ = {isa = PBXFileReference; fileEncoding = 4; lastKnownFileType = sourcecode.c.objc; path = CRAddressViewController.m; sourceTree = "<group>"; };
		8407186219125011004EF828 /* CoreLocation.framework */ = {isa = PBXFileReference; lastKnownFileType = wrapper.framework; name = CoreLocation.framework; path = System/Library/Frameworks/CoreLocation.framework; sourceTree = SDKROOT; };
		840718641915B928004EF828 /* MapKit.framework */ = {isa = PBXFileReference; lastKnownFileType = wrapper.framework; name = MapKit.framework; path = System/Library/Frameworks/MapKit.framework; sourceTree = SDKROOT; };
		84071870191641F8004EF828 /* AddressBookUI.framework */ = {isa = PBXFileReference; lastKnownFileType = wrapper.framework; name = AddressBookUI.framework; path = System/Library/Frameworks/AddressBookUI.framework; sourceTree = SDKROOT; };
		84071872191642F3004EF828 /* AddressBook.framework */ = {isa = PBXFileReference; lastKnownFileType = wrapper.framework; name = AddressBook.framework; path = System/Library/Frameworks/AddressBook.framework; sourceTree = SDKROOT; };
		841F707419240FCE0061EF80 /* CRPhotosCollectionViewController.h */ = {isa = PBXFileReference; fileEncoding = 4; lastKnownFileType = sourcecode.c.h; path = CRPhotosCollectionViewController.h; sourceTree = "<group>"; };
		841F707519240FCE0061EF80 /* CRPhotosCollectionViewController.m */ = {isa = PBXFileReference; fileEncoding = 4; lastKnownFileType = sourcecode.c.objc; path = CRPhotosCollectionViewController.m; sourceTree = "<group>"; };
		841F707E1924D04E0061EF80 /* CRPhotoCollectionViewCell.h */ = {isa = PBXFileReference; fileEncoding = 4; lastKnownFileType = sourcecode.c.h; path = CRPhotoCollectionViewCell.h; sourceTree = "<group>"; };
		841F707F1924D04E0061EF80 /* CRPhotoCollectionViewCell.m */ = {isa = PBXFileReference; fileEncoding = 4; lastKnownFileType = sourcecode.c.objc; path = CRPhotoCollectionViewCell.m; sourceTree = "<group>"; };
		841F70811924E75E0061EF80 /* CRCoreDataHelper.h */ = {isa = PBXFileReference; fileEncoding = 4; lastKnownFileType = sourcecode.c.h; name = CRCoreDataHelper.h; path = "Claim Reporter/CRCoreDataHelper.h"; sourceTree = "<group>"; };
		841F70821924E75E0061EF80 /* CRCoreDataHelper.m */ = {isa = PBXFileReference; fileEncoding = 4; lastKnownFileType = sourcecode.c.objc; name = CRCoreDataHelper.m; path = "Claim Reporter/CRCoreDataHelper.m"; sourceTree = "<group>"; };
		841F70841924EB140061EF80 /* CoreData.framework */ = {isa = PBXFileReference; lastKnownFileType = wrapper.framework; name = CoreData.framework; path = System/Library/Frameworks/CoreData.framework; sourceTree = SDKROOT; };
		84247DD918F6A3ED00370176 /* Claim Reporter.app */ = {isa = PBXFileReference; explicitFileType = wrapper.application; includeInIndex = 0; path = "Claim Reporter.app"; sourceTree = BUILT_PRODUCTS_DIR; };
		84247DDC18F6A3ED00370176 /* Foundation.framework */ = {isa = PBXFileReference; lastKnownFileType = wrapper.framework; name = Foundation.framework; path = System/Library/Frameworks/Foundation.framework; sourceTree = SDKROOT; };
		84247DDE18F6A3ED00370176 /* CoreGraphics.framework */ = {isa = PBXFileReference; lastKnownFileType = wrapper.framework; name = CoreGraphics.framework; path = System/Library/Frameworks/CoreGraphics.framework; sourceTree = SDKROOT; };
		84247DE018F6A3ED00370176 /* UIKit.framework */ = {isa = PBXFileReference; lastKnownFileType = wrapper.framework; name = UIKit.framework; path = System/Library/Frameworks/UIKit.framework; sourceTree = SDKROOT; };
		84247DE418F6A3ED00370176 /* Claim Reporter-Info.plist */ = {isa = PBXFileReference; lastKnownFileType = text.plist.xml; path = "Claim Reporter-Info.plist"; sourceTree = "<group>"; };
		84247DE618F6A3ED00370176 /* en */ = {isa = PBXFileReference; lastKnownFileType = text.plist.strings; name = en; path = en.lproj/InfoPlist.strings; sourceTree = "<group>"; };
		84247DE818F6A3ED00370176 /* main.m */ = {isa = PBXFileReference; lastKnownFileType = sourcecode.c.objc; path = main.m; sourceTree = "<group>"; };
		84247DEA18F6A3ED00370176 /* Claim Reporter-Prefix.pch */ = {isa = PBXFileReference; lastKnownFileType = sourcecode.c.h; path = "Claim Reporter-Prefix.pch"; sourceTree = "<group>"; };
		84247DEB18F6A3ED00370176 /* CRAppDelegate.h */ = {isa = PBXFileReference; lastKnownFileType = sourcecode.c.h; path = CRAppDelegate.h; sourceTree = "<group>"; };
		84247DEC18F6A3ED00370176 /* CRAppDelegate.m */ = {isa = PBXFileReference; lastKnownFileType = sourcecode.c.objc; path = CRAppDelegate.m; sourceTree = "<group>"; };
		84247DEF18F6A3ED00370176 /* Base */ = {isa = PBXFileReference; lastKnownFileType = file.storyboard; name = Base; path = Base.lproj/Main.storyboard; sourceTree = "<group>"; };
		84247DF418F6A3ED00370176 /* Images.xcassets */ = {isa = PBXFileReference; lastKnownFileType = folder.assetcatalog; path = Images.xcassets; sourceTree = "<group>"; };
		84247DFA18F6A3ED00370176 /* Claim ReporterTests.xctest */ = {isa = PBXFileReference; explicitFileType = wrapper.cfbundle; includeInIndex = 0; path = "Claim ReporterTests.xctest"; sourceTree = BUILT_PRODUCTS_DIR; };
		84247DFB18F6A3ED00370176 /* XCTest.framework */ = {isa = PBXFileReference; lastKnownFileType = wrapper.framework; name = XCTest.framework; path = Library/Frameworks/XCTest.framework; sourceTree = DEVELOPER_DIR; };
		84247E0318F6A3ED00370176 /* Claim ReporterTests-Info.plist */ = {isa = PBXFileReference; lastKnownFileType = text.plist.xml; path = "Claim ReporterTests-Info.plist"; sourceTree = "<group>"; };
		84247E0518F6A3ED00370176 /* en */ = {isa = PBXFileReference; lastKnownFileType = text.plist.strings; name = en; path = en.lproj/InfoPlist.strings; sourceTree = "<group>"; };
		84247E0718F6A3ED00370176 /* Claim_ReporterTests.m */ = {isa = PBXFileReference; lastKnownFileType = sourcecode.c.objc; path = Claim_ReporterTests.m; sourceTree = "<group>"; };
		8436229F1929FE1300A9E7FA /* Claim-Reporter.xcdatamodel */ = {isa = PBXFileReference; lastKnownFileType = wrapper.xcdatamodel; path = "Claim-Reporter.xcdatamodel"; sourceTree = "<group>"; };
		843622E5192B6B8700A9E7FA /* CRPhotoDetailViewController.h */ = {isa = PBXFileReference; fileEncoding = 4; lastKnownFileType = sourcecode.c.h; path = CRPhotoDetailViewController.h; sourceTree = "<group>"; };
		843622E6192B6B8700A9E7FA /* CRPhotoDetailViewController.m */ = {isa = PBXFileReference; fileEncoding = 4; lastKnownFileType = sourcecode.c.objc; path = CRPhotoDetailViewController.m; sourceTree = "<group>"; };
		84A4C3601900BAAF00686832 /* CRMenuDrawerViewController.h */ = {isa = PBXFileReference; fileEncoding = 4; lastKnownFileType = sourcecode.c.h; path = CRMenuDrawerViewController.h; sourceTree = "<group>"; };
		84A4C3611900BAAF00686832 /* CRMenuDrawerViewController.m */ = {isa = PBXFileReference; fileEncoding = 4; lastKnownFileType = sourcecode.c.objc; path = CRMenuDrawerViewController.m; sourceTree = "<group>"; };
		84A4C3631900C5C300686832 /* CRMenuViewController.h */ = {isa = PBXFileReference; fileEncoding = 4; lastKnownFileType = sourcecode.c.h; path = CRMenuViewController.h; sourceTree = "<group>"; };
		84A4C3641900C5C300686832 /* CRMenuViewController.m */ = {isa = PBXFileReference; fileEncoding = 4; lastKnownFileType = sourcecode.c.objc; path = CRMenuViewController.m; sourceTree = "<group>"; };
		84A4C3661900E62800686832 /* CRTextViewController.h */ = {isa = PBXFileReference; fileEncoding = 4; lastKnownFileType = sourcecode.c.h; path = CRTextViewController.h; sourceTree = "<group>"; };
		84A4C3671900E62800686832 /* CRTextViewController.m */ = {isa = PBXFileReference; fileEncoding = 4; lastKnownFileType = sourcecode.c.objc; path = CRTextViewController.m; sourceTree = "<group>"; };
		84A4C3691900E63A00686832 /* CRImageViewController.h */ = {isa = PBXFileReference; fileEncoding = 4; lastKnownFileType = sourcecode.c.h; path = CRImageViewController.h; sourceTree = "<group>"; };
		84A4C36A1900E63A00686832 /* CRImageViewController.m */ = {isa = PBXFileReference; fileEncoding = 4; lastKnownFileType = sourcecode.c.objc; path = CRImageViewController.m; sourceTree = "<group>"; };
		84A4C36E1900E8E300686832 /* CRDisplayContentSegue.h */ = {isa = PBXFileReference; fileEncoding = 4; lastKnownFileType = sourcecode.c.h; path = CRDisplayContentSegue.h; sourceTree = "<group>"; };
		84A4C36F1900E8E300686832 /* CRDisplayContentSegue.m */ = {isa = PBXFileReference; fileEncoding = 4; lastKnownFileType = sourcecode.c.objc; path = CRDisplayContentSegue.m; sourceTree = "<group>"; };
		84A4C376190156D100686832 /* menu-25.png */ = {isa = PBXFileReference; lastKnownFileType = image.png; name = "menu-25.png"; path = "../../Tick-it/WhoDunnit/menu-25.png"; sourceTree = "<group>"; };
		84A4C379190157DA00686832 /* CRButtonHandler.h */ = {isa = PBXFileReference; fileEncoding = 4; lastKnownFileType = sourcecode.c.h; path = CRButtonHandler.h; sourceTree = "<group>"; };
		84A4C37A190157DA00686832 /* CRButtonHandler.m */ = {isa = PBXFileReference; fileEncoding = 4; lastKnownFileType = sourcecode.c.objc; path = CRButtonHandler.m; sourceTree = "<group>"; };
		84A4C37C19015F0D00686832 /* Music__039743_.jpg */ = {isa = PBXFileReference; lastKnownFileType = image.jpeg; path = Music__039743_.jpg; sourceTree = "<group>"; };
		84A4C37E1901609400686832 /* frusciante.jpg */ = {isa = PBXFileReference; lastKnownFileType = image.jpeg; path = frusciante.jpg; sourceTree = "<group>"; };
		84A4C3841902215100686832 /* ami-mobile.jpg */ = {isa = PBXFileReference; lastKnownFileType = image.jpeg; path = "ami-mobile.jpg"; sourceTree = "<group>"; };
		84A9C54E190B0F8000FF1B5B /* CRDocumentGenerator.h */ = {isa = PBXFileReference; fileEncoding = 4; lastKnownFileType = sourcecode.c.h; path = CRDocumentGenerator.h; sourceTree = "<group>"; };
		84A9C54F190B0F8000FF1B5B /* CRDocumentGenerator.m */ = {isa = PBXFileReference; fileEncoding = 4; lastKnownFileType = sourcecode.c.objc; path = CRDocumentGenerator.m; sourceTree = "<group>"; };
		84A9C555190B62DB00FF1B5B /* CRMotorClaimTableViewController.h */ = {isa = PBXFileReference; fileEncoding = 4; lastKnownFileType = sourcecode.c.h; path = CRMotorClaimTableViewController.h; sourceTree = "<group>"; };
		84A9C556190B62DB00FF1B5B /* CRMotorClaimTableViewController.m */ = {isa = PBXFileReference; fileEncoding = 4; lastKnownFileType = sourcecode.c.objc; path = CRMotorClaimTableViewController.m; sourceTree = "<group>"; };
		84A9C558190B6AD000FF1B5B /* CRLocationViewController.h */ = {isa = PBXFileReference; fileEncoding = 4; lastKnownFileType = sourcecode.c.h; path = CRLocationViewController.h; sourceTree = "<group>"; };
		84A9C559190B6AD000FF1B5B /* CRLocationViewController.m */ = {isa = PBXFileReference; fileEncoding = 4; lastKnownFileType = sourcecode.c.objc; path = CRLocationViewController.m; sourceTree = "<group>"; };
		84CFB83919031FCC003AB05C /* CRNewClaimTableViewController.h */ = {isa = PBXFileReference; fileEncoding = 4; lastKnownFileType = sourcecode.c.h; path = CRNewClaimTableViewController.h; sourceTree = "<group>"; };
		84CFB83A19031FCC003AB05C /* CRNewClaimTableViewController.m */ = {isa = PBXFileReference; fileEncoding = 4; lastKnownFileType = sourcecode.c.objc; path = CRNewClaimTableViewController.m; sourceTree = "<group>"; };
		84DF113B1909FC9A0005E7BD /* CRBarcodeScannerViewController.h */ = {isa = PBXFileReference; fileEncoding = 4; lastKnownFileType = sourcecode.c.h; path = CRBarcodeScannerViewController.h; sourceTree = "<group>"; };
		84DF113C1909FC9A0005E7BD /* CRBarcodeScannerViewController.m */ = {isa = PBXFileReference; fileEncoding = 4; lastKnownFileType = sourcecode.c.objc; path = CRBarcodeScannerViewController.m; sourceTree = "<group>"; };
		84E7BD371931D8F100CA39CB /* Photo.h */ = {isa = PBXFileReference; fileEncoding = 4; lastKnownFileType = sourcecode.c.h; name = Photo.h; path = "Claim Reporter/Photo.h"; sourceTree = "<group>"; };
		84E7BD381931D8F100CA39CB /* Photo.m */ = {isa = PBXFileReference; fileEncoding = 4; lastKnownFileType = sourcecode.c.objc; name = Photo.m; path = "Claim Reporter/Photo.m"; sourceTree = "<group>"; };
		84E7BD3A1931EA8B00CA39CB /* CRImageFileManager.h */ = {isa = PBXFileReference; fileEncoding = 4; lastKnownFileType = sourcecode.c.h; path = CRImageFileManager.h; sourceTree = "<group>"; };
		84E7BD3B1931EA8B00CA39CB /* CRImageFileManager.m */ = {isa = PBXFileReference; fileEncoding = 4; lastKnownFileType = sourcecode.c.objc; path = CRImageFileManager.m; sourceTree = "<group>"; };
/* End PBXFileReference section */

/* Begin PBXFrameworksBuildPhase section */
		84247DD618F6A3ED00370176 /* Frameworks */ = {
			isa = PBXFrameworksBuildPhase;
			buildActionMask = 2147483647;
			files = (
				841F70851924EB140061EF80 /* CoreData.framework in Frameworks */,
				84071871191641F8004EF828 /* AddressBookUI.framework in Frameworks */,
				840718651915B928004EF828 /* MapKit.framework in Frameworks */,
				8407186319125011004EF828 /* CoreLocation.framework in Frameworks */,
				84247DDF18F6A3ED00370176 /* CoreGraphics.framework in Frameworks */,
				84247DE118F6A3ED00370176 /* UIKit.framework in Frameworks */,
				84247DDD18F6A3ED00370176 /* Foundation.framework in Frameworks */,
			);
			runOnlyForDeploymentPostprocessing = 0;
		};
		84247DF718F6A3ED00370176 /* Frameworks */ = {
			isa = PBXFrameworksBuildPhase;
			buildActionMask = 2147483647;
			files = (
				84247DFC18F6A3ED00370176 /* XCTest.framework in Frameworks */,
				84247DFE18F6A3ED00370176 /* UIKit.framework in Frameworks */,
				84247DFD18F6A3ED00370176 /* Foundation.framework in Frameworks */,
			);
			runOnlyForDeploymentPostprocessing = 0;
		};
/* End PBXFrameworksBuildPhase section */

/* Begin PBXGroup section */
		840718661915FFDB004EF828 /* Location */ = {
			isa = PBXGroup;
			children = (
				84A9C558190B6AD000FF1B5B /* CRLocationViewController.h */,
				84A9C559190B6AD000FF1B5B /* CRLocationViewController.m */,
				84065338191A029F0072E483 /* CRAddressViewController.h */,
				84065339191A029F0072E483 /* CRAddressViewController.m */,
			);
			name = Location;
			sourceTree = "<group>";
		};
		841F707719240FD50061EF80 /* Photos */ = {
			isa = PBXGroup;
			children = (
				841F707419240FCE0061EF80 /* CRPhotosCollectionViewController.h */,
				841F707519240FCE0061EF80 /* CRPhotosCollectionViewController.m */,
				841F707E1924D04E0061EF80 /* CRPhotoCollectionViewCell.h */,
				841F707F1924D04E0061EF80 /* CRPhotoCollectionViewCell.m */,
				843622E5192B6B8700A9E7FA /* CRPhotoDetailViewController.h */,
				843622E6192B6B8700A9E7FA /* CRPhotoDetailViewController.m */,
				84E7BD3A1931EA8B00CA39CB /* CRImageFileManager.h */,
				84E7BD3B1931EA8B00CA39CB /* CRImageFileManager.m */,
			);
			name = Photos;
			sourceTree = "<group>";
		};
		84239D8619288BFA00E1C832 /* Core Data */ = {
			isa = PBXGroup;
			children = (
				841F70811924E75E0061EF80 /* CRCoreDataHelper.h */,
				841F70821924E75E0061EF80 /* CRCoreDataHelper.m */,
				8436229E1929FE1300A9E7FA /* Claim-Reporter.xcdatamodeld */,
				84E7BD371931D8F100CA39CB /* Photo.h */,
				84E7BD381931D8F100CA39CB /* Photo.m */,
			);
			name = "Core Data";
			path = ..;
			sourceTree = "<group>";
		};
		84247DD018F6A3ED00370176 = {
			isa = PBXGroup;
			children = (
				84247DE218F6A3ED00370176 /* Claim Reporter */,
				84247E0118F6A3ED00370176 /* Claim ReporterTests */,
				84247DDB18F6A3ED00370176 /* Frameworks */,
				84247DDA18F6A3ED00370176 /* Products */,
			);
			sourceTree = "<group>";
		};
		84247DDA18F6A3ED00370176 /* Products */ = {
			isa = PBXGroup;
			children = (
				84247DD918F6A3ED00370176 /* Claim Reporter.app */,
				84247DFA18F6A3ED00370176 /* Claim ReporterTests.xctest */,
			);
			name = Products;
			sourceTree = "<group>";
		};
		84247DDB18F6A3ED00370176 /* Frameworks */ = {
			isa = PBXGroup;
			children = (
				841F70841924EB140061EF80 /* CoreData.framework */,
				84071872191642F3004EF828 /* AddressBook.framework */,
				84071870191641F8004EF828 /* AddressBookUI.framework */,
				840718641915B928004EF828 /* MapKit.framework */,
				8407186219125011004EF828 /* CoreLocation.framework */,
				84247DDC18F6A3ED00370176 /* Foundation.framework */,
				84247DDE18F6A3ED00370176 /* CoreGraphics.framework */,
				84247DE018F6A3ED00370176 /* UIKit.framework */,
				84247DFB18F6A3ED00370176 /* XCTest.framework */,
			);
			name = Frameworks;
			sourceTree = "<group>";
		};
		84247DE218F6A3ED00370176 /* Claim Reporter */ = {
			isa = PBXGroup;
			children = (
				84247DEB18F6A3ED00370176 /* CRAppDelegate.h */,
				84247DEC18F6A3ED00370176 /* CRAppDelegate.m */,
				84247DEE18F6A3ED00370176 /* Main.storyboard */,
				84DF1141190A00520005E7BD /* Menu Control */,
				84DF113E190A00150005E7BD /* Login */,
				840718661915FFDB004EF828 /* Location */,
				841F707719240FD50061EF80 /* Photos */,
				84DF1140190A00380005E7BD /* New Claim */,
				84DF113F190A00260005E7BD /* Sample Image */,
				84A4C3781901574E00686832 /* Images */,
				84247DF418F6A3ED00370176 /* Images.xcassets */,
				84247DE318F6A3ED00370176 /* Supporting Files */,
				84239D8619288BFA00E1C832 /* Core Data */,
				84A9C551190B0F8900FF1B5B /* Document Genaration */,
			);
			path = "Claim Reporter";
			sourceTree = "<group>";
		};
		84247DE318F6A3ED00370176 /* Supporting Files */ = {
			isa = PBXGroup;
			children = (
				84247DE418F6A3ED00370176 /* Claim Reporter-Info.plist */,
				84247DE518F6A3ED00370176 /* InfoPlist.strings */,
				84247DE818F6A3ED00370176 /* main.m */,
				84247DEA18F6A3ED00370176 /* Claim Reporter-Prefix.pch */,
			);
			name = "Supporting Files";
			sourceTree = "<group>";
		};
		84247E0118F6A3ED00370176 /* Claim ReporterTests */ = {
			isa = PBXGroup;
			children = (
				84247E0718F6A3ED00370176 /* Claim_ReporterTests.m */,
				84247E0218F6A3ED00370176 /* Supporting Files */,
			);
			path = "Claim ReporterTests";
			sourceTree = "<group>";
		};
		84247E0218F6A3ED00370176 /* Supporting Files */ = {
			isa = PBXGroup;
			children = (
				84247E0318F6A3ED00370176 /* Claim ReporterTests-Info.plist */,
				84247E0418F6A3ED00370176 /* InfoPlist.strings */,
			);
			name = "Supporting Files";
			sourceTree = "<group>";
		};
		84A4C3781901574E00686832 /* Images */ = {
			isa = PBXGroup;
			children = (
				84A4C3841902215100686832 /* ami-mobile.jpg */,
				84A4C37C19015F0D00686832 /* Music__039743_.jpg */,
				84A4C37E1901609400686832 /* frusciante.jpg */,
				84A4C376190156D100686832 /* menu-25.png */,
			);
			name = Images;
			sourceTree = "<group>";
		};
		84A9C551190B0F8900FF1B5B /* Document Genaration */ = {
			isa = PBXGroup;
			children = (
				84A9C54E190B0F8000FF1B5B /* CRDocumentGenerator.h */,
				84A9C54F190B0F8000FF1B5B /* CRDocumentGenerator.m */,
			);
			name = "Document Genaration";
			sourceTree = "<group>";
		};
		84DF113E190A00150005E7BD /* Login */ = {
			isa = PBXGroup;
			children = (
				84A4C3661900E62800686832 /* CRTextViewController.h */,
				84A4C3671900E62800686832 /* CRTextViewController.m */,
				84DF113B1909FC9A0005E7BD /* CRBarcodeScannerViewController.h */,
				84DF113C1909FC9A0005E7BD /* CRBarcodeScannerViewController.m */,
			);
			name = Login;
			sourceTree = "<group>";
		};
		84DF113F190A00260005E7BD /* Sample Image */ = {
			isa = PBXGroup;
			children = (
				84A4C3691900E63A00686832 /* CRImageViewController.h */,
				84A4C36A1900E63A00686832 /* CRImageViewController.m */,
			);
			name = "Sample Image";
			sourceTree = "<group>";
		};
		84DF1140190A00380005E7BD /* New Claim */ = {
			isa = PBXGroup;
			children = (
				84CFB83919031FCC003AB05C /* CRNewClaimTableViewController.h */,
				84CFB83A19031FCC003AB05C /* CRNewClaimTableViewController.m */,
				84A9C555190B62DB00FF1B5B /* CRMotorClaimTableViewController.h */,
				84A9C556190B62DB00FF1B5B /* CRMotorClaimTableViewController.m */,
			);
			name = "New Claim";
			sourceTree = "<group>";
		};
		84DF1141190A00520005E7BD /* Menu Control */ = {
			isa = PBXGroup;
			children = (
				84A4C3601900BAAF00686832 /* CRMenuDrawerViewController.h */,
				84A4C3611900BAAF00686832 /* CRMenuDrawerViewController.m */,
				84A4C3631900C5C300686832 /* CRMenuViewController.h */,
				84A4C3641900C5C300686832 /* CRMenuViewController.m */,
				84A4C36E1900E8E300686832 /* CRDisplayContentSegue.h */,
				84A4C36F1900E8E300686832 /* CRDisplayContentSegue.m */,
				84A4C379190157DA00686832 /* CRButtonHandler.h */,
				84A4C37A190157DA00686832 /* CRButtonHandler.m */,
			);
			name = "Menu Control";
			sourceTree = "<group>";
		};
/* End PBXGroup section */

/* Begin PBXNativeTarget section */
		84247DD818F6A3ED00370176 /* Claim Reporter */ = {
			isa = PBXNativeTarget;
			buildConfigurationList = 84247E0B18F6A3ED00370176 /* Build configuration list for PBXNativeTarget "Claim Reporter" */;
			buildPhases = (
				84247DD518F6A3ED00370176 /* Sources */,
				84247DD618F6A3ED00370176 /* Frameworks */,
				84247DD718F6A3ED00370176 /* Resources */,
			);
			buildRules = (
			);
			dependencies = (
			);
			name = "Claim Reporter";
			productName = "Claim Reporter";
			productReference = 84247DD918F6A3ED00370176 /* Claim Reporter.app */;
			productType = "com.apple.product-type.application";
		};
		84247DF918F6A3ED00370176 /* Claim ReporterTests */ = {
			isa = PBXNativeTarget;
			buildConfigurationList = 84247E0E18F6A3ED00370176 /* Build configuration list for PBXNativeTarget "Claim ReporterTests" */;
			buildPhases = (
				84247DF618F6A3ED00370176 /* Sources */,
				84247DF718F6A3ED00370176 /* Frameworks */,
				84247DF818F6A3ED00370176 /* Resources */,
			);
			buildRules = (
			);
			dependencies = (
				84247E0018F6A3ED00370176 /* PBXTargetDependency */,
			);
			name = "Claim ReporterTests";
			productName = "Claim ReporterTests";
			productReference = 84247DFA18F6A3ED00370176 /* Claim ReporterTests.xctest */;
			productType = "com.apple.product-type.bundle.unit-test";
		};
/* End PBXNativeTarget section */

/* Begin PBXProject section */
		84247DD118F6A3ED00370176 /* Project object */ = {
			isa = PBXProject;
			attributes = {
				CLASSPREFIX = CR;
				LastUpgradeCheck = 0510;
				ORGANIZATIONNAME = iDoodle;
				TargetAttributes = {
					84247DD818F6A3ED00370176 = {
						DevelopmentTeam = 3REQJATS35;
					};
					84247DF918F6A3ED00370176 = {
						TestTargetID = 84247DD818F6A3ED00370176;
					};
				};
			};
			buildConfigurationList = 84247DD418F6A3ED00370176 /* Build configuration list for PBXProject "Claim Reporter" */;
			compatibilityVersion = "Xcode 3.2";
			developmentRegion = English;
			hasScannedForEncodings = 0;
			knownRegions = (
				en,
				Base,
			);
			mainGroup = 84247DD018F6A3ED00370176;
			productRefGroup = 84247DDA18F6A3ED00370176 /* Products */;
			projectDirPath = "";
			projectRoot = "";
			targets = (
				84247DD818F6A3ED00370176 /* Claim Reporter */,
				84247DF918F6A3ED00370176 /* Claim ReporterTests */,
			);
		};
/* End PBXProject section */

/* Begin PBXResourcesBuildPhase section */
		84247DD718F6A3ED00370176 /* Resources */ = {
			isa = PBXResourcesBuildPhase;
			buildActionMask = 2147483647;
			files = (
				84247DF518F6A3ED00370176 /* Images.xcassets in Resources */,
				84A4C37F1901609400686832 /* frusciante.jpg in Resources */,
				84247DE718F6A3ED00370176 /* InfoPlist.strings in Resources */,
				84A4C3851902215100686832 /* ami-mobile.jpg in Resources */,
				84A4C37D19015F0D00686832 /* Music__039743_.jpg in Resources */,
				84247DF018F6A3ED00370176 /* Main.storyboard in Resources */,
				84A4C377190156D100686832 /* menu-25.png in Resources */,
			);
			runOnlyForDeploymentPostprocessing = 0;
		};
		84247DF818F6A3ED00370176 /* Resources */ = {
			isa = PBXResourcesBuildPhase;
			buildActionMask = 2147483647;
			files = (
				84247E0618F6A3ED00370176 /* InfoPlist.strings in Resources */,
			);
			runOnlyForDeploymentPostprocessing = 0;
		};
/* End PBXResourcesBuildPhase section */

/* Begin PBXSourcesBuildPhase section */
		84247DD518F6A3ED00370176 /* Sources */ = {
			isa = PBXSourcesBuildPhase;
			buildActionMask = 2147483647;
			files = (
				841F70801924D04E0061EF80 /* CRPhotoCollectionViewCell.m in Sources */,
				84DF113D1909FC9A0005E7BD /* CRBarcodeScannerViewController.m in Sources */,
				84A9C557190B62DB00FF1B5B /* CRMotorClaimTableViewController.m in Sources */,
				841F707619240FCE0061EF80 /* CRPhotosCollectionViewController.m in Sources */,
				84A4C3621900BAAF00686832 /* CRMenuDrawerViewController.m in Sources */,
				84A4C36B1900E63A00686832 /* CRImageViewController.m in Sources */,
				84A9C55A190B6AD000FF1B5B /* CRLocationViewController.m in Sources */,
				84247DE918F6A3ED00370176 /* main.m in Sources */,
				84E7BD391931D8F100CA39CB /* Photo.m in Sources */,
				84A9C550190B0F8000FF1B5B /* CRDocumentGenerator.m in Sources */,
				84A4C37B190157DA00686832 /* CRButtonHandler.m in Sources */,
				8406533A191A029F0072E483 /* CRAddressViewController.m in Sources */,
				843622A01929FE1300A9E7FA /* Claim-Reporter.xcdatamodeld in Sources */,
				843622E7192B6B8700A9E7FA /* CRPhotoDetailViewController.m in Sources */,
				84CFB83B19031FCC003AB05C /* CRNewClaimTableViewController.m in Sources */,
				84A4C3701900E8E300686832 /* CRDisplayContentSegue.m in Sources */,
				84A4C3651900C5C300686832 /* CRMenuViewController.m in Sources */,
				84A4C3681900E62800686832 /* CRTextViewController.m in Sources */,
				841F70831924E75E0061EF80 /* CRCoreDataHelper.m in Sources */,
				84247DED18F6A3ED00370176 /* CRAppDelegate.m in Sources */,
				84E7BD3C1931EA8B00CA39CB /* CRImageFileManager.m in Sources */,
			);
			runOnlyForDeploymentPostprocessing = 0;
		};
		84247DF618F6A3ED00370176 /* Sources */ = {
			isa = PBXSourcesBuildPhase;
			buildActionMask = 2147483647;
			files = (
				84247E0818F6A3ED00370176 /* Claim_ReporterTests.m in Sources */,
			);
			runOnlyForDeploymentPostprocessing = 0;
		};
/* End PBXSourcesBuildPhase section */

/* Begin PBXTargetDependency section */
		84247E0018F6A3ED00370176 /* PBXTargetDependency */ = {
			isa = PBXTargetDependency;
			target = 84247DD818F6A3ED00370176 /* Claim Reporter */;
			targetProxy = 84247DFF18F6A3ED00370176 /* PBXContainerItemProxy */;
		};
/* End PBXTargetDependency section */

/* Begin PBXVariantGroup section */
		84247DE518F6A3ED00370176 /* InfoPlist.strings */ = {
			isa = PBXVariantGroup;
			children = (
				84247DE618F6A3ED00370176 /* en */,
			);
			name = InfoPlist.strings;
			sourceTree = "<group>";
		};
		84247DEE18F6A3ED00370176 /* Main.storyboard */ = {
			isa = PBXVariantGroup;
			children = (
				84247DEF18F6A3ED00370176 /* Base */,
			);
			name = Main.storyboard;
			sourceTree = "<group>";
		};
		84247E0418F6A3ED00370176 /* InfoPlist.strings */ = {
			isa = PBXVariantGroup;
			children = (
				84247E0518F6A3ED00370176 /* en */,
			);
			name = InfoPlist.strings;
			sourceTree = "<group>";
		};
/* End PBXVariantGroup section */

/* Begin XCBuildConfiguration section */
		84247E0918F6A3ED00370176 /* Debug */ = {
			isa = XCBuildConfiguration;
			buildSettings = {
				ALWAYS_SEARCH_USER_PATHS = NO;
				CLANG_CXX_LANGUAGE_STANDARD = "gnu++0x";
				CLANG_CXX_LIBRARY = "libc++";
				CLANG_ENABLE_MODULES = YES;
				CLANG_ENABLE_OBJC_ARC = YES;
				CLANG_WARN_BOOL_CONVERSION = YES;
				CLANG_WARN_CONSTANT_CONVERSION = YES;
				CLANG_WARN_DIRECT_OBJC_ISA_USAGE = YES_ERROR;
				CLANG_WARN_EMPTY_BODY = YES;
				CLANG_WARN_ENUM_CONVERSION = YES;
				CLANG_WARN_INT_CONVERSION = YES;
				CLANG_WARN_OBJC_ROOT_CLASS = YES_ERROR;
				CLANG_WARN__DUPLICATE_METHOD_MATCH = YES;
				"CODE_SIGN_IDENTITY[sdk=iphoneos*]" = "iPhone Developer";
				COPY_PHASE_STRIP = NO;
				GCC_C_LANGUAGE_STANDARD = gnu99;
				GCC_DYNAMIC_NO_PIC = NO;
				GCC_OPTIMIZATION_LEVEL = 0;
				GCC_PREPROCESSOR_DEFINITIONS = (
					"DEBUG=1",
					"$(inherited)",
				);
				GCC_SYMBOLS_PRIVATE_EXTERN = NO;
				GCC_WARN_64_TO_32_BIT_CONVERSION = YES;
				GCC_WARN_ABOUT_RETURN_TYPE = YES_ERROR;
				GCC_WARN_UNDECLARED_SELECTOR = YES;
				GCC_WARN_UNINITIALIZED_AUTOS = YES_AGGRESSIVE;
				GCC_WARN_UNUSED_FUNCTION = YES;
				GCC_WARN_UNUSED_VARIABLE = YES;
				IPHONEOS_DEPLOYMENT_TARGET = 7.1;
				ONLY_ACTIVE_ARCH = YES;
				SDKROOT = iphoneos;
			};
			name = Debug;
		};
		84247E0A18F6A3ED00370176 /* Release */ = {
			isa = XCBuildConfiguration;
			buildSettings = {
				ALWAYS_SEARCH_USER_PATHS = NO;
				CLANG_CXX_LANGUAGE_STANDARD = "gnu++0x";
				CLANG_CXX_LIBRARY = "libc++";
				CLANG_ENABLE_MODULES = YES;
				CLANG_ENABLE_OBJC_ARC = YES;
				CLANG_WARN_BOOL_CONVERSION = YES;
				CLANG_WARN_CONSTANT_CONVERSION = YES;
				CLANG_WARN_DIRECT_OBJC_ISA_USAGE = YES_ERROR;
				CLANG_WARN_EMPTY_BODY = YES;
				CLANG_WARN_ENUM_CONVERSION = YES;
				CLANG_WARN_INT_CONVERSION = YES;
				CLANG_WARN_OBJC_ROOT_CLASS = YES_ERROR;
				CLANG_WARN__DUPLICATE_METHOD_MATCH = YES;
				"CODE_SIGN_IDENTITY[sdk=iphoneos*]" = "iPhone Developer";
				COPY_PHASE_STRIP = YES;
				ENABLE_NS_ASSERTIONS = NO;
				GCC_C_LANGUAGE_STANDARD = gnu99;
				GCC_WARN_64_TO_32_BIT_CONVERSION = YES;
				GCC_WARN_ABOUT_RETURN_TYPE = YES_ERROR;
				GCC_WARN_UNDECLARED_SELECTOR = YES;
				GCC_WARN_UNINITIALIZED_AUTOS = YES_AGGRESSIVE;
				GCC_WARN_UNUSED_FUNCTION = YES;
				GCC_WARN_UNUSED_VARIABLE = YES;
				IPHONEOS_DEPLOYMENT_TARGET = 7.1;
				SDKROOT = iphoneos;
				VALIDATE_PRODUCT = YES;
			};
			name = Release;
		};
		84247E0C18F6A3ED00370176 /* Debug */ = {
			isa = XCBuildConfiguration;
			buildSettings = {
				ASSETCATALOG_COMPILER_APPICON_NAME = AppIcon;
				ASSETCATALOG_COMPILER_LAUNCHIMAGE_NAME = LaunchImage;
				CODE_SIGN_IDENTITY = "iPhone Developer";
				GCC_PRECOMPILE_PREFIX_HEADER = YES;
				GCC_PREFIX_HEADER = "Claim Reporter/Claim Reporter-Prefix.pch";
				INFOPLIST_FILE = "Claim Reporter/Claim Reporter-Info.plist";
				PRODUCT_NAME = "$(TARGET_NAME)";
				WRAPPER_EXTENSION = app;
			};
			name = Debug;
		};
		84247E0D18F6A3ED00370176 /* Release */ = {
			isa = XCBuildConfiguration;
			buildSettings = {
				ASSETCATALOG_COMPILER_APPICON_NAME = AppIcon;
				ASSETCATALOG_COMPILER_LAUNCHIMAGE_NAME = LaunchImage;
				CODE_SIGN_IDENTITY = "iPhone Developer";
				GCC_PRECOMPILE_PREFIX_HEADER = YES;
				GCC_PREFIX_HEADER = "Claim Reporter/Claim Reporter-Prefix.pch";
				INFOPLIST_FILE = "Claim Reporter/Claim Reporter-Info.plist";
				PRODUCT_NAME = "$(TARGET_NAME)";
				WRAPPER_EXTENSION = app;
			};
			name = Release;
		};
		84247E0F18F6A3ED00370176 /* Debug */ = {
			isa = XCBuildConfiguration;
			buildSettings = {
				BUNDLE_LOADER = "$(BUILT_PRODUCTS_DIR)/Claim Reporter.app/Claim Reporter";
				FRAMEWORK_SEARCH_PATHS = (
					"$(SDKROOT)/Developer/Library/Frameworks",
					"$(inherited)",
					"$(DEVELOPER_FRAMEWORKS_DIR)",
				);
				GCC_PRECOMPILE_PREFIX_HEADER = YES;
				GCC_PREFIX_HEADER = "Claim Reporter/Claim Reporter-Prefix.pch";
				GCC_PREPROCESSOR_DEFINITIONS = (
					"DEBUG=1",
					"$(inherited)",
				);
				INFOPLIST_FILE = "Claim ReporterTests/Claim ReporterTests-Info.plist";
				PRODUCT_NAME = "$(TARGET_NAME)";
				TEST_HOST = "$(BUNDLE_LOADER)";
				WRAPPER_EXTENSION = xctest;
			};
			name = Debug;
		};
		84247E1018F6A3ED00370176 /* Release */ = {
			isa = XCBuildConfiguration;
			buildSettings = {
				BUNDLE_LOADER = "$(BUILT_PRODUCTS_DIR)/Claim Reporter.app/Claim Reporter";
				FRAMEWORK_SEARCH_PATHS = (
					"$(SDKROOT)/Developer/Library/Frameworks",
					"$(inherited)",
					"$(DEVELOPER_FRAMEWORKS_DIR)",
				);
				GCC_PRECOMPILE_PREFIX_HEADER = YES;
				GCC_PREFIX_HEADER = "Claim Reporter/Claim Reporter-Prefix.pch";
				INFOPLIST_FILE = "Claim ReporterTests/Claim ReporterTests-Info.plist";
				PRODUCT_NAME = "$(TARGET_NAME)";
				TEST_HOST = "$(BUNDLE_LOADER)";
				WRAPPER_EXTENSION = xctest;
			};
			name = Release;
		};
/* End XCBuildConfiguration section */

/* Begin XCConfigurationList section */
		84247DD418F6A3ED00370176 /* Build configuration list for PBXProject "Claim Reporter" */ = {
			isa = XCConfigurationList;
			buildConfigurations = (
				84247E0918F6A3ED00370176 /* Debug */,
				84247E0A18F6A3ED00370176 /* Release */,
			);
			defaultConfigurationIsVisible = 0;
			defaultConfigurationName = Release;
		};
		84247E0B18F6A3ED00370176 /* Build configuration list for PBXNativeTarget "Claim Reporter" */ = {
			isa = XCConfigurationList;
			buildConfigurations = (
				84247E0C18F6A3ED00370176 /* Debug */,
				84247E0D18F6A3ED00370176 /* Release */,
			);
			defaultConfigurationIsVisible = 0;
			defaultConfigurationName = Release;
		};
		84247E0E18F6A3ED00370176 /* Build configuration list for PBXNativeTarget "Claim ReporterTests" */ = {
			isa = XCConfigurationList;
			buildConfigurations = (
				84247E0F18F6A3ED00370176 /* Debug */,
				84247E1018F6A3ED00370176 /* Release */,
			);
			defaultConfigurationIsVisible = 0;
			defaultConfigurationName = Release;
		};
/* End XCConfigurationList section */

/* Begin XCVersionGroup section */
		8436229E1929FE1300A9E7FA /* Claim-Reporter.xcdatamodeld */ = {
			isa = XCVersionGroup;
			children = (
				8436229F1929FE1300A9E7FA /* Claim-Reporter.xcdatamodel */,
			);
			currentVersion = 8436229F1929FE1300A9E7FA /* Claim-Reporter.xcdatamodel */;
			name = "Claim-Reporter.xcdatamodeld";
			path = "Claim Reporter/Claim-Reporter.xcdatamodeld";
			sourceTree = "<group>";
			versionGroupType = wrapper.xcdatamodel;
		};
/* End XCVersionGroup section */
	};
	rootObject = 84247DD118F6A3ED00370176 /* Project object */;
}
